// !$*UTF8*$!
{
	archiveVersion = 1;
	classes = {
	};
	objectVersion = 46;
	objects = {

/* Begin PBXBuildFile section */
		12B15FDD1F99B55C00AFCA21 /* AppDelegate.swift in Sources */ = {isa = PBXBuildFile; fileRef = 12B15FDC1F99B55C00AFCA21 /* AppDelegate.swift */; };
		12B15FDF1F99B55C00AFCA21 /* ViewController.swift in Sources */ = {isa = PBXBuildFile; fileRef = 12B15FDE1F99B55C00AFCA21 /* ViewController.swift */; };
		12B15FE21F99B55C00AFCA21 /* Main.storyboard in Resources */ = {isa = PBXBuildFile; fileRef = 12B15FE01F99B55C00AFCA21 /* Main.storyboard */; };
		12B15FE51F99B55C00AFCA21 /* ExamApp.xcdatamodeld in Sources */ = {isa = PBXBuildFile; fileRef = 12B15FE31F99B55C00AFCA21 /* ExamApp.xcdatamodeld */; };
		12B15FE71F99B55C00AFCA21 /* Assets.xcassets in Resources */ = {isa = PBXBuildFile; fileRef = 12B15FE61F99B55C00AFCA21 /* Assets.xcassets */; };
		12B15FEA1F99B55C00AFCA21 /* LaunchScreen.storyboard in Resources */ = {isa = PBXBuildFile; fileRef = 12B15FE81F99B55C00AFCA21 /* LaunchScreen.storyboard */; };
		12B15FF51F99B55C00AFCA21 /* ExamAppTests.swift in Sources */ = {isa = PBXBuildFile; fileRef = 12B15FF41F99B55C00AFCA21 /* ExamAppTests.swift */; };
		12B160001F99B55C00AFCA21 /* ExamAppUITests.swift in Sources */ = {isa = PBXBuildFile; fileRef = 12B15FFF1F99B55C00AFCA21 /* ExamAppUITests.swift */; };
/* End PBXBuildFile section */

/* Begin PBXContainerItemProxy section */
		12B15FF11F99B55C00AFCA21 /* PBXContainerItemProxy */ = {
			isa = PBXContainerItemProxy;
			containerPortal = 12B15FD11F99B55C00AFCA21 /* Project object */;
			proxyType = 1;
			remoteGlobalIDString = 12B15FD81F99B55C00AFCA21;
			remoteInfo = ExamApp;
		};
		12B15FFC1F99B55C00AFCA21 /* PBXContainerItemProxy */ = {
			isa = PBXContainerItemProxy;
			containerPortal = 12B15FD11F99B55C00AFCA21 /* Project object */;
			proxyType = 1;
			remoteGlobalIDString = 12B15FD81F99B55C00AFCA21;
			remoteInfo = ExamApp;
		};
/* End PBXContainerItemProxy section */

/* Begin PBXFileReference section */
		12B15FD91F99B55C00AFCA21 /* ExamApp.app */ = {isa = PBXFileReference; explicitFileType = wrapper.application; includeInIndex = 0; path = ExamApp.app; sourceTree = BUILT_PRODUCTS_DIR; };
		12B15FDC1F99B55C00AFCA21 /* AppDelegate.swift */ = {isa = PBXFileReference; lastKnownFileType = sourcecode.swift; path = AppDelegate.swift; sourceTree = "<group>"; };
		12B15FDE1F99B55C00AFCA21 /* ViewController.swift */ = {isa = PBXFileReference; lastKnownFileType = sourcecode.swift; path = ViewController.swift; sourceTree = "<group>"; };
		12B15FE11F99B55C00AFCA21 /* Base */ = {isa = PBXFileReference; lastKnownFileType = file.storyboard; name = Base; path = Base.lproj/Main.storyboard; sourceTree = "<group>"; };
		12B15FE41F99B55C00AFCA21 /* ExamApp.xcdatamodel */ = {isa = PBXFileReference; lastKnownFileType = wrapper.xcdatamodel; path = ExamApp.xcdatamodel; sourceTree = "<group>"; };
		12B15FE61F99B55C00AFCA21 /* Assets.xcassets */ = {isa = PBXFileReference; lastKnownFileType = folder.assetcatalog; path = Assets.xcassets; sourceTree = "<group>"; };
		12B15FE91F99B55C00AFCA21 /* Base */ = {isa = PBXFileReference; lastKnownFileType = file.storyboard; name = Base; path = Base.lproj/LaunchScreen.storyboard; sourceTree = "<group>"; };
		12B15FEB1F99B55C00AFCA21 /* Info.plist */ = {isa = PBXFileReference; lastKnownFileType = text.plist.xml; path = Info.plist; sourceTree = "<group>"; };
		12B15FF01F99B55C00AFCA21 /* ExamAppTests.xctest */ = {isa = PBXFileReference; explicitFileType = wrapper.cfbundle; includeInIndex = 0; path = ExamAppTests.xctest; sourceTree = BUILT_PRODUCTS_DIR; };
		12B15FF41F99B55C00AFCA21 /* ExamAppTests.swift */ = {isa = PBXFileReference; lastKnownFileType = sourcecode.swift; path = ExamAppTests.swift; sourceTree = "<group>"; };
		12B15FF61F99B55C00AFCA21 /* Info.plist */ = {isa = PBXFileReference; lastKnownFileType = text.plist.xml; path = Info.plist; sourceTree = "<group>"; };
		12B15FFB1F99B55C00AFCA21 /* ExamAppUITests.xctest */ = {isa = PBXFileReference; explicitFileType = wrapper.cfbundle; includeInIndex = 0; path = ExamAppUITests.xctest; sourceTree = BUILT_PRODUCTS_DIR; };
		12B15FFF1F99B55C00AFCA21 /* ExamAppUITests.swift */ = {isa = PBXFileReference; lastKnownFileType = sourcecode.swift; path = ExamAppUITests.swift; sourceTree = "<group>"; };
		12B160011F99B55C00AFCA21 /* Info.plist */ = {isa = PBXFileReference; lastKnownFileType = text.plist.xml; path = Info.plist; sourceTree = "<group>"; };
/* End PBXFileReference section */

/* Begin PBXFrameworksBuildPhase section */
		12B15FD61F99B55C00AFCA21 /* Frameworks */ = {
			isa = PBXFrameworksBuildPhase;
			buildActionMask = 2147483647;
			files = (
			);
			runOnlyForDeploymentPostprocessing = 0;
		};
		12B15FED1F99B55C00AFCA21 /* Frameworks */ = {
			isa = PBXFrameworksBuildPhase;
			buildActionMask = 2147483647;
			files = (
			);
			runOnlyForDeploymentPostprocessing = 0;
		};
		12B15FF81F99B55C00AFCA21 /* Frameworks */ = {
			isa = PBXFrameworksBuildPhase;
			buildActionMask = 2147483647;
			files = (
			);
			runOnlyForDeploymentPostprocessing = 0;
		};
/* End PBXFrameworksBuildPhase section */

/* Begin PBXGroup section */
		12B15FD01F99B55C00AFCA21 = {
			isa = PBXGroup;
			children = (
				12B15FDB1F99B55C00AFCA21 /* ExamApp */,
				12B15FF31F99B55C00AFCA21 /* ExamAppTests */,
				12B15FFE1F99B55C00AFCA21 /* ExamAppUITests */,
				12B15FDA1F99B55C00AFCA21 /* Products */,
			);
			sourceTree = "<group>";
		};
		12B15FDA1F99B55C00AFCA21 /* Products */ = {
			isa = PBXGroup;
			children = (
				12B15FD91F99B55C00AFCA21 /* ExamApp.app */,
				12B15FF01F99B55C00AFCA21 /* ExamAppTests.xctest */,
				12B15FFB1F99B55C00AFCA21 /* ExamAppUITests.xctest */,
			);
			name = Products;
			sourceTree = "<group>";
		};
		12B15FDB1F99B55C00AFCA21 /* ExamApp */ = {
			isa = PBXGroup;
			children = (
				12B15FDC1F99B55C00AFCA21 /* AppDelegate.swift */,
				12B15FDE1F99B55C00AFCA21 /* ViewController.swift */,
				12B15FE01F99B55C00AFCA21 /* Main.storyboard */,
				12B15FE61F99B55C00AFCA21 /* Assets.xcassets */,
				12B15FE81F99B55C00AFCA21 /* LaunchScreen.storyboard */,
				12B15FEB1F99B55C00AFCA21 /* Info.plist */,
				12B15FE31F99B55C00AFCA21 /* ExamApp.xcdatamodeld */,
			);
			path = ExamApp;
			sourceTree = "<group>";
		};
		12B15FF31F99B55C00AFCA21 /* ExamAppTests */ = {
			isa = PBXGroup;
			children = (
				12B15FF41F99B55C00AFCA21 /* ExamAppTests.swift */,
				12B15FF61F99B55C00AFCA21 /* Info.plist */,
			);
			path = ExamAppTests;
			sourceTree = "<group>";
		};
		12B15FFE1F99B55C00AFCA21 /* ExamAppUITests */ = {
			isa = PBXGroup;
			children = (
				12B15FFF1F99B55C00AFCA21 /* ExamAppUITests.swift */,
				12B160011F99B55C00AFCA21 /* Info.plist */,
			);
			path = ExamAppUITests;
			sourceTree = "<group>";
		};
/* End PBXGroup section */

/* Begin PBXNativeTarget section */
		12B15FD81F99B55C00AFCA21 /* ExamApp */ = {
			isa = PBXNativeTarget;
			buildConfigurationList = 12B160041F99B55C00AFCA21 /* Build configuration list for PBXNativeTarget "ExamApp" */;
			buildPhases = (
				12B15FD51F99B55C00AFCA21 /* Sources */,
				12B15FD61F99B55C00AFCA21 /* Frameworks */,
				12B15FD71F99B55C00AFCA21 /* Resources */,
			);
			buildRules = (
			);
			dependencies = (
			);
			name = ExamApp;
			productName = ExamApp;
			productReference = 12B15FD91F99B55C00AFCA21 /* ExamApp.app */;
			productType = "com.apple.product-type.application";
		};
		12B15FEF1F99B55C00AFCA21 /* ExamAppTests */ = {
			isa = PBXNativeTarget;
			buildConfigurationList = 12B160071F99B55C00AFCA21 /* Build configuration list for PBXNativeTarget "ExamAppTests" */;
			buildPhases = (
				12B15FEC1F99B55C00AFCA21 /* Sources */,
				12B15FED1F99B55C00AFCA21 /* Frameworks */,
				12B15FEE1F99B55C00AFCA21 /* Resources */,
			);
			buildRules = (
			);
			dependencies = (
				12B15FF21F99B55C00AFCA21 /* PBXTargetDependency */,
			);
			name = ExamAppTests;
			productName = ExamAppTests;
			productReference = 12B15FF01F99B55C00AFCA21 /* ExamAppTests.xctest */;
			productType = "com.apple.product-type.bundle.unit-test";
		};
		12B15FFA1F99B55C00AFCA21 /* ExamAppUITests */ = {
			isa = PBXNativeTarget;
			buildConfigurationList = 12B1600A1F99B55C00AFCA21 /* Build configuration list for PBXNativeTarget "ExamAppUITests" */;
			buildPhases = (
				12B15FF71F99B55C00AFCA21 /* Sources */,
				12B15FF81F99B55C00AFCA21 /* Frameworks */,
				12B15FF91F99B55C00AFCA21 /* Resources */,
			);
			buildRules = (
			);
			dependencies = (
				12B15FFD1F99B55C00AFCA21 /* PBXTargetDependency */,
			);
			name = ExamAppUITests;
			productName = ExamAppUITests;
			productReference = 12B15FFB1F99B55C00AFCA21 /* ExamAppUITests.xctest */;
			productType = "com.apple.product-type.bundle.ui-testing";
		};
/* End PBXNativeTarget section */

/* Begin PBXProject section */
		12B15FD11F99B55C00AFCA21 /* Project object */ = {
			isa = PBXProject;
			attributes = {
				LastSwiftUpdateCheck = 0830;
				LastUpgradeCheck = 0830;
				ORGANIZATIONNAME = "Fahhad Ashour";
				TargetAttributes = {
					12B15FD81F99B55C00AFCA21 = {
						CreatedOnToolsVersion = 8.3.2;
						DevelopmentTeam = N987N98KAM;
						ProvisioningStyle = Automatic;
					};
					12B15FEF1F99B55C00AFCA21 = {
						CreatedOnToolsVersion = 8.3.2;
						DevelopmentTeam = N987N98KAM;
						ProvisioningStyle = Automatic;
						TestTargetID = 12B15FD81F99B55C00AFCA21;
					};
					12B15FFA1F99B55C00AFCA21 = {
						CreatedOnToolsVersion = 8.3.2;
						DevelopmentTeam = N987N98KAM;
						ProvisioningStyle = Automatic;
						TestTargetID = 12B15FD81F99B55C00AFCA21;
					};
				};
			};
			buildConfigurationList = 12B15FD41F99B55C00AFCA21 /* Build configuration list for PBXProject "ExamApp" */;
			compatibilityVersion = "Xcode 3.2";
			developmentRegion = English;
			hasScannedForEncodings = 0;
			knownRegions = (
				en,
				Base,
			);
			mainGroup = 12B15FD01F99B55C00AFCA21;
			productRefGroup = 12B15FDA1F99B55C00AFCA21 /* Products */;
			projectDirPath = "";
			projectRoot = "";
			targets = (
				12B15FD81F99B55C00AFCA21 /* ExamApp */,
				12B15FEF1F99B55C00AFCA21 /* ExamAppTests */,
				12B15FFA1F99B55C00AFCA21 /* ExamAppUITests */,
			);
		};
/* End PBXProject section */

/* Begin PBXResourcesBuildPhase section */
		12B15FD71F99B55C00AFCA21 /* Resources */ = {
			isa = PBXResourcesBuildPhase;
			buildActionMask = 2147483647;
			files = (
				12B15FEA1F99B55C00AFCA21 /* LaunchScreen.storyboard in Resources */,
				12B15FE71F99B55C00AFCA21 /* Assets.xcassets in Resources */,
				12B15FE21F99B55C00AFCA21 /* Main.storyboard in Resources */,
			);
			runOnlyForDeploymentPostprocessing = 0;
		};
		12B15FEE1F99B55C00AFCA21 /* Resources */ = {
			isa = PBXResourcesBuildPhase;
			buildActionMask = 2147483647;
			files = (
			);
			runOnlyForDeploymentPostprocessing = 0;
		};
		12B15FF91F99B55C00AFCA21 /* Resources */ = {
			isa = PBXResourcesBuildPhase;
			buildActionMask = 2147483647;
			files = (
			);
			runOnlyForDeploymentPostprocessing = 0;
		};
/* End PBXResourcesBuildPhase section */

/* Begin PBXSourcesBuildPhase section */
		12B15FD51F99B55C00AFCA21 /* Sources */ = {
			isa = PBXSourcesBuildPhase;
			buildActionMask = 2147483647;
			files = (
				12B15FDF1F99B55C00AFCA21 /* ViewController.swift in Sources */,
				12B15FE51F99B55C00AFCA21 /* ExamApp.xcdatamodeld in Sources */,
				12B15FDD1F99B55C00AFCA21 /* AppDelegate.swift in Sources */,
			);
			runOnlyForDeploymentPostprocessing = 0;
		};
		12B15FEC1F99B55C00AFCA21 /* Sources */ = {
			isa = PBXSourcesBuildPhase;
			buildActionMask = 2147483647;
			files = (
				12B15FF51F99B55C00AFCA21 /* ExamAppTests.swift in Sources */,
			);
			runOnlyForDeploymentPostprocessing = 0;
		};
		12B15FF71F99B55C00AFCA21 /* Sources */ = {
			isa = PBXSourcesBuildPhase;
			buildActionMask = 2147483647;
			files = (
				12B160001F99B55C00AFCA21 /* ExamAppUITests.swift in Sources */,
			);
			runOnlyForDeploymentPostprocessing = 0;
		};
/* End PBXSourcesBuildPhase section */

/* Begin PBXTargetDependency section */
		12B15FF21F99B55C00AFCA21 /* PBXTargetDependency */ = {
			isa = PBXTargetDependency;
			target = 12B15FD81F99B55C00AFCA21 /* ExamApp */;
			targetProxy = 12B15FF11F99B55C00AFCA21 /* PBXContainerItemProxy */;
		};
		12B15FFD1F99B55C00AFCA21 /* PBXTargetDependency */ = {
			isa = PBXTargetDependency;
			target = 12B15FD81F99B55C00AFCA21 /* ExamApp */;
			targetProxy = 12B15FFC1F99B55C00AFCA21 /* PBXContainerItemProxy */;
		};
/* End PBXTargetDependency section */

/* Begin PBXVariantGroup section */
		12B15FE01F99B55C00AFCA21 /* Main.storyboard */ = {
			isa = PBXVariantGroup;
			children = (
				12B15FE11F99B55C00AFCA21 /* Base */,
			);
			name = Main.storyboard;
			sourceTree = "<group>";
		};
		12B15FE81F99B55C00AFCA21 /* LaunchScreen.storyboard */ = {
			isa = PBXVariantGroup;
			children = (
				12B15FE91F99B55C00AFCA21 /* Base */,
			);
			name = LaunchScreen.storyboard;
			sourceTree = "<group>";
		};
/* End PBXVariantGroup section */

/* Begin XCBuildConfiguration section */
		12B160021F99B55C00AFCA21 /* Debug */ = {
			isa = XCBuildConfiguration;
			buildSettings = {
				ALWAYS_SEARCH_USER_PATHS = NO;
				CLANG_ANALYZER_NONNULL = YES;
				CLANG_ANALYZER_NUMBER_OBJECT_CONVERSION = YES_AGGRESSIVE;
				CLANG_CXX_LANGUAGE_STANDARD = "gnu++0x";
				CLANG_CXX_LIBRARY = "libc++";
				CLANG_ENABLE_MODULES = YES;
				CLANG_ENABLE_OBJC_ARC = YES;
				CLANG_WARN_BOOL_CONVERSION = YES;
				CLANG_WARN_CONSTANT_CONVERSION = YES;
				CLANG_WARN_DIRECT_OBJC_ISA_USAGE = YES_ERROR;
				CLANG_WARN_DOCUMENTATION_COMMENTS = YES;
				CLANG_WARN_EMPTY_BODY = YES;
				CLANG_WARN_ENUM_CONVERSION = YES;
				CLANG_WARN_INFINITE_RECURSION = YES;
				CLANG_WARN_INT_CONVERSION = YES;
				CLANG_WARN_OBJC_ROOT_CLASS = YES_ERROR;
				CLANG_WARN_SUSPICIOUS_MOVE = YES;
				CLANG_WARN_UNREACHABLE_CODE = YES;
				CLANG_WARN__DUPLICATE_METHOD_MATCH = YES;
				"CODE_SIGN_IDENTITY[sdk=iphoneos*]" = "iPhone Developer";
				COPY_PHASE_STRIP = NO;
				DEBUG_INFORMATION_FORMAT = dwarf;
				ENABLE_STRICT_OBJC_MSGSEND = YES;
				ENABLE_TESTABILITY = YES;
				GCC_C_LANGUAGE_STANDARD = gnu99;
				GCC_DYNAMIC_NO_PIC = NO;
				GCC_NO_COMMON_BLOCKS = YES;
				GCC_OPTIMIZATION_LEVEL = 0;
				GCC_PREPROCESSOR_DEFINITIONS = (
					"DEBUG=1",
					"$(inherited)",
				);
				GCC_WARN_64_TO_32_BIT_CONVERSION = YES;
				GCC_WARN_ABOUT_RETURN_TYPE = YES_ERROR;
				GCC_WARN_UNDECLARED_SELECTOR = YES;
				GCC_WARN_UNINITIALIZED_AUTOS = YES_AGGRESSIVE;
				GCC_WARN_UNUSED_FUNCTION = YES;
				GCC_WARN_UNUSED_VARIABLE = YES;
				IPHONEOS_DEPLOYMENT_TARGET = 10.3;
				MTL_ENABLE_DEBUG_INFO = YES;
				ONLY_ACTIVE_ARCH = YES;
				SDKROOT = iphoneos;
				SWIFT_ACTIVE_COMPILATION_CONDITIONS = DEBUG;
				SWIFT_OPTIMIZATION_LEVEL = "-Onone";
				TARGETED_DEVICE_FAMILY = "1,2";
			};
			name = Debug;
		};
		12B160031F99B55C00AFCA21 /* Release */ = {
			isa = XCBuildConfiguration;
			buildSettings = {
				ALWAYS_SEARCH_USER_PATHS = NO;
				CLANG_ANALYZER_NONNULL = YES;
				CLANG_ANALYZER_NUMBER_OBJECT_CONVERSION = YES_AGGRESSIVE;
				CLANG_CXX_LANGUAGE_STANDARD = "gnu++0x";
				CLANG_CXX_LIBRARY = "libc++";
				CLANG_ENABLE_MODULES = YES;
				CLANG_ENABLE_OBJC_ARC = YES;
				CLANG_WARN_BOOL_CONVERSION = YES;
				CLANG_WARN_CONSTANT_CONVERSION = YES;
				CLANG_WARN_DIRECT_OBJC_ISA_USAGE = YES_ERROR;
				CLANG_WARN_DOCUMENTATION_COMMENTS = YES;
				CLANG_WARN_EMPTY_BODY = YES;
				CLANG_WARN_ENUM_CONVERSION = YES;
				CLANG_WARN_INFINITE_RECURSION = YES;
				CLANG_WARN_INT_CONVERSION = YES;
				CLANG_WARN_OBJC_ROOT_CLASS = YES_ERROR;
				CLANG_WARN_SUSPICIOUS_MOVE = YES;
				CLANG_WARN_UNREACHABLE_CODE = YES;
				CLANG_WARN__DUPLICATE_METHOD_MATCH = YES;
				"CODE_SIGN_IDENTITY[sdk=iphoneos*]" = "iPhone Developer";
				COPY_PHASE_STRIP = NO;
				DEBUG_INFORMATION_FORMAT = "dwarf-with-dsym";
				ENABLE_NS_ASSERTIONS = NO;
				ENABLE_STRICT_OBJC_MSGSEND = YES;
				GCC_C_LANGUAGE_STANDARD = gnu99;
				GCC_NO_COMMON_BLOCKS = YES;
				GCC_WARN_64_TO_32_BIT_CONVERSION = YES;
				GCC_WARN_ABOUT_RETURN_TYPE = YES_ERROR;
				GCC_WARN_UNDECLARED_SELECTOR = YES;
				GCC_WARN_UNINITIALIZED_AUTOS = YES_AGGRESSIVE;
				GCC_WARN_UNUSED_FUNCTION = YES;
				GCC_WARN_UNUSED_VARIABLE = YES;
				IPHONEOS_DEPLOYMENT_TARGET = 10.3;
				MTL_ENABLE_DEBUG_INFO = NO;
				SDKROOT = iphoneos;
				SWIFT_OPTIMIZATION_LEVEL = "-Owholemodule";
				TARGETED_DEVICE_FAMILY = "1,2";
				VALIDATE_PRODUCT = YES;
			};
			name = Release;
		};
		12B160051F99B55C00AFCA21 /* Debug */ = {
			isa = XCBuildConfiguration;
			buildSettings = {
				ASSETCATALOG_COMPILER_APPICON_NAME = AppIcon;
				DEVELOPMENT_TEAM = N987N98KAM;
				INFOPLIST_FILE = ExamApp/Info.plist;
				LD_RUNPATH_SEARCH_PATHS = "$(inherited) @executable_path/Frameworks";
				PRODUCT_BUNDLE_IDENTIFIER = ASU.ExamApp;
				PRODUCT_NAME = "$(TARGET_NAME)";
				SWIFT_VERSION = 3.0;
			};
			name = Debug;
		};
		12B160061F99B55C00AFCA21 /* Release */ = {
			isa = XCBuildConfiguration;
			buildSettings = {
				ASSETCATALOG_COMPILER_APPICON_NAME = AppIcon;
				DEVELOPMENT_TEAM = N987N98KAM;
				INFOPLIST_FILE = ExamApp/Info.plist;
				LD_RUNPATH_SEARCH_PATHS = "$(inherited) @executable_path/Frameworks";
				PRODUCT_BUNDLE_IDENTIFIER = ASU.ExamApp;
				PRODUCT_NAME = "$(TARGET_NAME)";
				SWIFT_VERSION = 3.0;
			};
			name = Release;
		};
		12B160081F99B55C00AFCA21 /* Debug */ = {
			isa = XCBuildConfiguration;
			buildSettings = {
				ALWAYS_EMBED_SWIFT_STANDARD_LIBRARIES = YES;
				BUNDLE_LOADER = "$(TEST_HOST)";
				DEVELOPMENT_TEAM = N987N98KAM;
				INFOPLIST_FILE = ExamAppTests/Info.plist;
				LD_RUNPATH_SEARCH_PATHS = "$(inherited) @executable_path/Frameworks @loader_path/Frameworks";
				PRODUCT_BUNDLE_IDENTIFIER = ASU.ExamAppTests;
				PRODUCT_NAME = "$(TARGET_NAME)";
				SWIFT_VERSION = 3.0;
				TEST_HOST = "$(BUILT_PRODUCTS_DIR)/ExamApp.app/ExamApp";
			};
			name = Debug;
		};
		12B160091F99B55C00AFCA21 /* Release */ = {
			isa = XCBuildConfiguration;
			buildSettings = {
				ALWAYS_EMBED_SWIFT_STANDARD_LIBRARIES = YES;
				BUNDLE_LOADER = "$(TEST_HOST)";
				DEVELOPMENT_TEAM = N987N98KAM;
				INFOPLIST_FILE = ExamAppTests/Info.plist;
				LD_RUNPATH_SEARCH_PATHS = "$(inherited) @executable_path/Frameworks @loader_path/Frameworks";
				PRODUCT_BUNDLE_IDENTIFIER = ASU.ExamAppTests;
				PRODUCT_NAME = "$(TARGET_NAME)";
				SWIFT_VERSION = 3.0;
				TEST_HOST = "$(BUILT_PRODUCTS_DIR)/ExamApp.app/ExamApp";
			};
			name = Release;
		};
		12B1600B1F99B55C00AFCA21 /* Debug */ = {
			isa = XCBuildConfiguration;
			buildSettings = {
				ALWAYS_EMBED_SWIFT_STANDARD_LIBRARIES = YES;
				DEVELOPMENT_TEAM = N987N98KAM;
				INFOPLIST_FILE = ExamAppUITests/Info.plist;
				LD_RUNPATH_SEARCH_PATHS = "$(inherited) @executable_path/Frameworks @loader_path/Frameworks";
				PRODUCT_BUNDLE_IDENTIFIER = ASU.ExamAppUITests;
				PRODUCT_NAME = "$(TARGET_NAME)";
				SWIFT_VERSION = 3.0;
				TEST_TARGET_NAME = ExamApp;
			};
			name = Debug;
		};
		12B1600C1F99B55C00AFCA21 /* Release */ = {
			isa = XCBuildConfiguration;
			buildSettings = {
				ALWAYS_EMBED_SWIFT_STANDARD_LIBRARIES = YES;
				DEVELOPMENT_TEAM = N987N98KAM;
				INFOPLIST_FILE = ExamAppUITests/Info.plist;
				LD_RUNPATH_SEARCH_PATHS = "$(inherited) @executable_path/Frameworks @loader_path/Frameworks";
				PRODUCT_BUNDLE_IDENTIFIER = ASU.ExamAppUITests;
				PRODUCT_NAME = "$(TARGET_NAME)";
				SWIFT_VERSION = 3.0;
				TEST_TARGET_NAME = ExamApp;
			};
			name = Release;
		};
/* End XCBuildConfiguration section */

/* Begin XCConfigurationList section */
		12B15FD41F99B55C00AFCA21 /* Build configuration list for PBXProject "ExamApp" */ = {
			isa = XCConfigurationList;
			buildConfigurations = (
				12B160021F99B55C00AFCA21 /* Debug */,
				12B160031F99B55C00AFCA21 /* Release */,
			);
			defaultConfigurationIsVisible = 0;
			defaultConfigurationName = Release;
		};
		12B160041F99B55C00AFCA21 /* Build configuration list for PBXNativeTarget "ExamApp" */ = {
			isa = XCConfigurationList;
			buildConfigurations = (
				12B160051F99B55C00AFCA21 /* Debug */,
				12B160061F99B55C00AFCA21 /* Release */,
			);
			defaultConfigurationIsVisible = 0;
		};
		12B160071F99B55C00AFCA21 /* Build configuration list for PBXNativeTarget "ExamAppTests" */ = {
			isa = XCConfigurationList;
			buildConfigurations = (
				12B160081F99B55C00AFCA21 /* Debug */,
				12B160091F99B55C00AFCA21 /* Release */,
			);
			defaultConfigurationIsVisible = 0;
		};
		12B1600A1F99B55C00AFCA21 /* Build configuration list for PBXNativeTarget "ExamAppUITests" */ = {
			isa = XCConfigurationList;
			buildConfigurations = (
				12B1600B1F99B55C00AFCA21 /* Debug */,
				12B1600C1F99B55C00AFCA21 /* Release */,
			);
			defaultConfigurationIsVisible = 0;
		};
/* End XCConfigurationList section */

/* Begin XCVersionGroup section */
		12B15FE31F99B55C00AFCA21 /* ExamApp.xcdatamodeld */ = {
			isa = XCVersionGroup;
			children = (
				12B15FE41F99B55C00AFCA21 /* ExamApp.xcdatamodel */,
			);
			currentVersion = 12B15FE41F99B55C00AFCA21 /* ExamApp.xcdatamodel */;
			path = ExamApp.xcdatamodeld;
			sourceTree = "<group>";
			versionGroupType = wrapper.xcdatamodel;
		};
/* End XCVersionGroup section */
	};
	rootObject = 12B15FD11F99B55C00AFCA21 /* Project object */;
}
